
Microsoft Visual Studio Solution File, Format Version 12.00
# Visual Studio Version 17
VisualStudioVersion = 17.5.002.0
MinimumVisualStudioVersion = 10.0.40219.1
Project("{9A19103F-16F7-4668-BE54-9A1E7A4F7556}") = "ExceptionsHierarchy", "ExceptionsHierarchy.csproj", "{6BB127B7-1D76-4A3F-A6AA-018151890A7F}"
EndProject
Global
	GlobalSection(SolutionConfigurationPlatforms) = preSolution
		Debug|Any CPU = Debug|Any CPU
		Release|Any CPU = Release|Any CPU
	EndGlobalSection
	GlobalSection(ProjectConfigurationPlatforms) = postSolution
		{6BB127B7-1D76-4A3F-A6AA-018151890A7F}.Debug|Any CPU.ActiveCfg = Debug|Any CPU
		{6BB127B7-1D76-4A3F-A6AA-018151890A7F}.Debug|Any CPU.Build.0 = Debug|Any CPU
		{6BB127B7-1D76-4A3F-A6AA-018151890A7F}.Release|Any CPU.ActiveCfg = Release|Any CPU
		{6BB127B7-1D76-4A3F-A6AA-018151890A7F}.Release|Any CPU.Build.0 = Release|Any CPU
	EndGlobalSection
	GlobalSection(SolutionProperties) = preSolution
		HideSolutionNode = FALSE
	EndGlobalSection
	GlobalSection(ExtensibilityGlobals) = postSolution
		SolutionGuid = {AE11E11F-932C-4C70-85D8-7DFBDCADAD7E}
	EndGlobalSection
EndGlobal
